
Microsoft Visual Studio Solution File, Format Version 12.00
# Visual Studio Version 17
VisualStudioVersion = 17.5.33414.496
MinimumVisualStudioVersion = 10.0.40219.1
Project("{FAE04EC0-301F-11D3-BF4B-00C04F79EFBC}") = "KuzeyYeli.Winform", "KuzeyYeli.Winform\KuzeyYeli.Winform.csproj", "{303B0F5C-DFBA-4A66-98A6-E5752836FC29}"
EndProject
Project("{FAE04EC0-301F-11D3-BF4B-00C04F79EFBC}") = "KUZEYYELİ.ORM", "KUZEYYELİ.ORM\KUZEYYELİ.ORM.csproj", "{6B966B46-1F93-4BED-B092-47702D67A157}"
EndProject
Global
	GlobalSection(SolutionConfigurationPlatforms) = preSolution
		Debug|Any CPU = Debug|Any CPU
		Release|Any CPU = Release|Any CPU
	EndGlobalSection
	GlobalSection(ProjectConfigurationPlatforms) = postSolution
		{303B0F5C-DFBA-4A66-98A6-E5752836FC29}.Debug|Any CPU.ActiveCfg = Debug|Any CPU
		{303B0F5C-DFBA-4A66-98A6-E5752836FC29}.Debug|Any CPU.Build.0 = Debug|Any CPU
		{303B0F5C-DFBA-4A66-98A6-E5752836FC29}.Release|Any CPU.ActiveCfg = Release|Any CPU
		{303B0F5C-DFBA-4A66-98A6-E5752836FC29}.Release|Any CPU.Build.0 = Release|Any CPU
		{6B966B46-1F93-4BED-B092-47702D67A157}.Debug|Any CPU.ActiveCfg = Debug|Any CPU
		{6B966B46-1F93-4BED-B092-47702D67A157}.Debug|Any CPU.Build.0 = Debug|Any CPU
		{6B966B46-1F93-4BED-B092-47702D67A157}.Release|Any CPU.ActiveCfg = Release|Any CPU
		{6B966B46-1F93-4BED-B092-47702D67A157}.Release|Any CPU.Build.0 = Release|Any CPU
	EndGlobalSection
	GlobalSection(SolutionProperties) = preSolution
		HideSolutionNode = FALSE
	EndGlobalSection
	GlobalSection(ExtensibilityGlobals) = postSolution
		SolutionGuid = {F787B142-3835-4BCC-B130-8AFFC402D974}
	EndGlobalSection
EndGlobal
